
Microsoft Visual Studio Solution File, Format Version 12.00
# Visual Studio Version 17
VisualStudioVersion = 17.4.33213.308
MinimumVisualStudioVersion = 10.0.40219.1
Project("{FAE04EC0-301F-11D3-BF4B-00C04F79EFBC}") = "HopfieldNetwork", "HopfieldNetwork.csproj", "{A6E3DFA9-AC1A-4188-BDEA-3014C415A221}"
EndProject
Global
	GlobalSection(SolutionConfigurationPlatforms) = preSolution
		Debug|Any CPU = Debug|Any CPU
		Release|Any CPU = Release|Any CPU
	EndGlobalSection
	GlobalSection(ProjectConfigurationPlatforms) = postSolution
		{A6E3DFA9-AC1A-4188-BDEA-3014C415A221}.Debug|Any CPU.ActiveCfg = Debug|Any CPU
		{A6E3DFA9-AC1A-4188-BDEA-3014C415A221}.Debug|Any CPU.Build.0 = Debug|Any CPU
		{A6E3DFA9-AC1A-4188-BDEA-3014C415A221}.Release|Any CPU.ActiveCfg = Release|Any CPU
		{A6E3DFA9-AC1A-4188-BDEA-3014C415A221}.Release|Any CPU.Build.0 = Release|Any CPU
	EndGlobalSection
	GlobalSection(SolutionProperties) = preSolution
		HideSolutionNode = FALSE
	EndGlobalSection
	GlobalSection(ExtensibilityGlobals) = postSolution
		SolutionGuid = {288446E8-A423-45B0-B4B1-44FC53D426B2}
	EndGlobalSection
EndGlobal
